{
  "requires": true,
  "lockfileVersion": 1,
  "dependencies": {
    "@types/js-base64": {
      "version": "3.3.1",
      "resolved": "https://registry.npmjs.org/@types/js-base64/-/js-base64-3.3.1.tgz",
      "integrity": "sha512-Zw33oQNAvDdAN9b0IE5stH0y2MylYvtU7VVTKEJPxhyM2q57CVaNJhtJW258ah24NRtaiA23tptUmVn3dmTKpw==",
      "dev": true,
      "requires": {
        "js-base64": "*"
      }
    },
    "js-base64": {
      "version": "3.6.1",
      "resolved": "https://registry.npmjs.org/js-base64/-/js-base64-3.6.1.tgz",
      "integrity": "sha512-Frdq2+tRRGLQUIQOgsIGSCd1VePCS2fsddTG5dTCqR0JHgltXWfsxnY0gIXPoMeRmdom6Oyq+UMOFg5suduOjQ==",
      "dev": true
    }
  }
}
