# THIS IS AN AUTOGENERATED FILE. DO NOT EDIT THIS FILE DIRECTLY.
# yarn lockfile v1


"@sentry/browser@6.15.0":
  version "6.15.0"
  resolved "https://registry.yarnpkg.com/@sentry/browser/-/browser-6.15.0.tgz#7a1d316dd31cedee446e359a21774bf93d1e553d"
  integrity sha512-ZiqfHK5DMVgDsgMTuSwxilWIqEnZzy4yuJ9Sr6Iap1yZddPSiKHYjbBieSHn57UsWHViRB3ojbwu44LfvXKJdQ==
  dependencies:
    "@sentry/core" "6.15.0"
    "@sentry/types" "6.15.0"
    "@sentry/utils" "6.15.0"
    tslib "^1.9.3"

"@sentry/core@6.15.0":
  version "6.15.0"
  resolved "https://registry.yarnpkg.com/@sentry/core/-/core-6.15.0.tgz#5e877042fe18452f2273247126b32e139d5f907c"
  integrity sha512-mCbKyqvD1G3Re6gv6N8tRkBz84gvVWDfLtC6d1WBArIopzter6ktEbvq0cMT6EOvGI2OLXuJ6mtHA93/Q0gGpw==
  dependencies:
    "@sentry/hub" "6.15.0"
    "@sentry/minimal" "6.15.0"
    "@sentry/types" "6.15.0"
    "@sentry/utils" "6.15.0"
    tslib "^1.9.3"

"@sentry/hub@6.15.0":
  version "6.15.0"
  resolved "https://registry.yarnpkg.com/@sentry/hub/-/hub-6.15.0.tgz#fb8a91d12fdd2726a884374ea7242f6bbd081d69"
  integrity sha512-cUbHPeG6kKpGBaEMgbTWeU03Y1Up5T3urGF+cgtrn80PmPYYSUPvVvWlZQWPb8CJZ1yQ0gySWo5RUTatBFrEHA==
  dependencies:
    "@sentry/types" "6.15.0"
    "@sentry/utils" "6.15.0"
    tslib "^1.9.3"

"@sentry/minimal@6.15.0":
  version "6.15.0"
  resolved "https://registry.yarnpkg.com/@sentry/minimal/-/minimal-6.15.0.tgz#fcc083ba901cfe57d25303d0b5fa8cd13e164466"
  integrity sha512-7RJIvZsjBa1qFUfMrAzQsWdfZT6Gm4t6ZTYfkpsXPBA35hkzglKbBrhhsUvkxGIhUGw/PiCUqxBUjcmzQP0vfg==
  dependencies:
    "@sentry/hub" "6.15.0"
    "@sentry/types" "6.15.0"
    tslib "^1.9.3"

"@sentry/react@^6.15.0":
  version "6.15.0"
  resolved "https://registry.yarnpkg.com/@sentry/react/-/react-6.15.0.tgz#4a1a3f39f61c03a675b90a114ff79a9163bcbe3b"
  integrity sha512-vrrFF/KtPJQ41tmDCWpaR+bN+/TqPwqncsGLfbClE2irY3x3eCJjT2qPstlB7NQ6rTYtScyekbB0fOoNkq9FFg==
  dependencies:
    "@sentry/browser" "6.15.0"
    "@sentry/minimal" "6.15.0"
    "@sentry/types" "6.15.0"
    "@sentry/utils" "6.15.0"
    hoist-non-react-statics "^3.3.2"
    tslib "^1.9.3"

"@sentry/tracing@^6.15.0":
  version "6.15.0"
  resolved "https://registry.yarnpkg.com/@sentry/tracing/-/tracing-6.15.0.tgz#5a5f08ee6b9cc1189227536fca053cd23488600d"
  integrity sha512-V5unvX8qNEfdawX+m2n0jKgmH/YR2ItWZLH+3UevBTptO+xyfvRtpgGXYWUCo3iGvFgWb1C+iIC7LViR9rTvBg==
  dependencies:
    "@sentry/hub" "6.15.0"
    "@sentry/minimal" "6.15.0"
    "@sentry/types" "6.15.0"
    "@sentry/utils" "6.15.0"
    tslib "^1.9.3"

"@sentry/types@6.15.0":
  version "6.15.0"
  resolved "https://registry.yarnpkg.com/@sentry/types/-/types-6.15.0.tgz#a2917f8aed91471bdfd6651384ffcd47b95c43ad"
  integrity sha512-zBw5gPUsofXUSpS3ZAXqRNedLRBvirl3sqkj2Lez7X2EkKRgn5D8m9fQIrig/X3TsKcXUpijDW5Buk5zeCVzJA==

"@sentry/utils@6.15.0":
  version "6.15.0"
  resolved "https://registry.yarnpkg.com/@sentry/utils/-/utils-6.15.0.tgz#0c247cb092b1796d39c3d16d8e6977b9cdab9ca2"
  integrity sha512-gnhKKyFtnNmKWjDizo7VKD0/Vx8cgW1lCusM6WI7jy2jlO3bQA0+Dzgmr4mIReZ74mq4VpOd2Vfrx7ZldW1DMw==
  dependencies:
    "@sentry/types" "6.15.0"
    tslib "^1.9.3"

hoist-non-react-statics@^3.3.2:
  version "3.3.2"
  resolved "https://registry.yarnpkg.com/hoist-non-react-statics/-/hoist-non-react-statics-3.3.2.tgz#ece0acaf71d62c2969c2ec59feff42a4b1a85b45"
  integrity sha512-/gGivxi8JPKWNm/W0jSmzcMPpfpPLc3dY/6GxhX2hQ9iGj3aDfklV4ET7NjKpSinLpJ5vafa9iiGIEZg10SfBw==
  dependencies:
    react-is "^16.7.0"

react-is@^16.7.0:
  version "16.13.1"
  resolved "https://registry.yarnpkg.com/react-is/-/react-is-16.13.1.tgz#789729a4dc36de2999dc156dd6c1d9c18cea56a4"
  integrity sha512-24e6ynE2H+OKt4kqsOvNd8kBpV65zoxbA4BVsEOB3ARVWQki/DHzaUoC5KuON/BiccDaCCTZBuOcfZs70kR8bQ==

tslib@^1.9.3:
  version "1.14.1"
  resolved "https://registry.yarnpkg.com/tslib/-/tslib-1.14.1.tgz#cf2d38bdc34a134bcaf1091c41f6619e2f672d00"
  integrity sha512-Xni35NKzjgMrwevysHTCArtLDpPvye8zV/0E4EyYn43P7/7qvQwPh9BGkHewbMulVntbigmcT7rdX3BNo9wRJg==
