# THIS IS AN AUTOGENERATED FILE. DO NOT EDIT THIS FILE DIRECTLY.
# yarn lockfile v1


"@sentry/browser@6.16.1":
  "integrity" "sha512-F2I5RL7RTLQF9CccMrqt73GRdK3FdqaChED3RulGQX5lH6U3exHGFxwyZxSrY4x6FedfBFYlfXWWCJXpLnFkow=="
  "resolved" "https://registry.npmjs.org/@sentry/browser/-/browser-6.16.1.tgz"
  "version" "6.16.1"
  dependencies:
    "@sentry/core" "6.16.1"
    "@sentry/types" "6.16.1"
    "@sentry/utils" "6.16.1"
    "tslib" "^1.9.3"

"@sentry/core@6.16.1":
  "integrity" "sha512-UFI0264CPUc5cR1zJH+S2UPOANpm6dLJOnsvnIGTjsrwzR0h8Hdl6rC2R/GPq+WNbnipo9hkiIwDlqbqvIU5vw=="
  "resolved" "https://registry.npmjs.org/@sentry/core/-/core-6.16.1.tgz"
  "version" "6.16.1"
  dependencies:
    "@sentry/hub" "6.16.1"
    "@sentry/minimal" "6.16.1"
    "@sentry/types" "6.16.1"
    "@sentry/utils" "6.16.1"
    "tslib" "^1.9.3"

"@sentry/hub@6.16.1":
  "integrity" "sha512-4PGtg6AfpqMkreTpL7ymDeQ/U1uXv03bKUuFdtsSTn/FRf9TLS4JB0KuTZCxfp1IRgAA+iFg6B784dDkT8R9eg=="
  "resolved" "https://registry.npmjs.org/@sentry/hub/-/hub-6.16.1.tgz"
  "version" "6.16.1"
  dependencies:
    "@sentry/types" "6.16.1"
    "@sentry/utils" "6.16.1"
    "tslib" "^1.9.3"

"@sentry/minimal@6.16.1":
  "integrity" "sha512-dq+mI1EQIvUM+zJtGCVgH3/B3Sbx4hKlGf2Usovm9KoqWYA+QpfVBholYDe/H2RXgO7LFEefDLvOdHDkqeJoyA=="
  "resolved" "https://registry.npmjs.org/@sentry/minimal/-/minimal-6.16.1.tgz"
  "version" "6.16.1"
  dependencies:
    "@sentry/hub" "6.16.1"
    "@sentry/types" "6.16.1"
    "tslib" "^1.9.3"

"@sentry/react@^6.16.1":
  "integrity" "sha512-n8fOEKbym4kBi946q3AWXBNy1UKTmABj/hE2nAJbTWhi5IwdM7WBG6QCT2yq7oTHLuTxQrAwgKQc+A6zFTyVHg=="
  "resolved" "https://registry.npmjs.org/@sentry/react/-/react-6.16.1.tgz"
  "version" "6.16.1"
  dependencies:
    "@sentry/browser" "6.16.1"
    "@sentry/minimal" "6.16.1"
    "@sentry/types" "6.16.1"
    "@sentry/utils" "6.16.1"
    "hoist-non-react-statics" "^3.3.2"
    "tslib" "^1.9.3"

"@sentry/tracing@^6.16.1":
  "integrity" "sha512-MPSbqXX59P+OEeST+U2V/8Hu/8QjpTUxTNeNyTHWIbbchdcMMjDbXTS3etCgajZR6Ro+DHElOz5cdSxH6IBGlA=="
  "resolved" "https://registry.npmjs.org/@sentry/tracing/-/tracing-6.16.1.tgz"
  "version" "6.16.1"
  dependencies:
    "@sentry/hub" "6.16.1"
    "@sentry/minimal" "6.16.1"
    "@sentry/types" "6.16.1"
    "@sentry/utils" "6.16.1"
    "tslib" "^1.9.3"

"@sentry/types@6.16.1":
  "integrity" "sha512-Wh354g30UsJ5kYJbercektGX4ZMc9MHU++1NjeN2bTMnbofEcpUDWIiKeulZEY65IC1iU+1zRQQgtYO+/hgCUQ=="
  "resolved" "https://registry.npmjs.org/@sentry/types/-/types-6.16.1.tgz"
  "version" "6.16.1"

"@sentry/utils@6.16.1":
  "integrity" "sha512-7ngq/i4R8JZitJo9Sl8PDnjSbDehOxgr1vsoMmerIsyRZ651C/8B+jVkMhaAPgSdyJ0AlE3O7DKKTP1FXFw9qw=="
  "resolved" "https://registry.npmjs.org/@sentry/utils/-/utils-6.16.1.tgz"
  "version" "6.16.1"
  dependencies:
    "@sentry/types" "6.16.1"
    "tslib" "^1.9.3"

"hoist-non-react-statics@^3.3.2":
  "integrity" "sha512-/gGivxi8JPKWNm/W0jSmzcMPpfpPLc3dY/6GxhX2hQ9iGj3aDfklV4ET7NjKpSinLpJ5vafa9iiGIEZg10SfBw=="
  "resolved" "https://registry.npmjs.org/hoist-non-react-statics/-/hoist-non-react-statics-3.3.2.tgz"
  "version" "3.3.2"
  dependencies:
    "react-is" "^16.7.0"

"js-tokens@^3.0.0 || ^4.0.0":
  "integrity" "sha512-RdJUflcE3cUzKiMqQgsCu06FPu9UdIJO0beYbPhHN4k6apgJtifcoCtT9bcxOpYBtpD2kCM6Sbzg4CausW/PKQ=="
  "resolved" "https://registry.npmjs.org/js-tokens/-/js-tokens-4.0.0.tgz"
  "version" "4.0.0"

"loose-envify@^1.1.0":
  "integrity" "sha512-lyuxPGr/Wfhrlem2CL/UcnUc1zcqKAImBDzukY7Y5F/yQiNdko6+fRLevlw1HgMySw7f611UIY408EtxRSoK3Q=="
  "resolved" "https://registry.npmjs.org/loose-envify/-/loose-envify-1.4.0.tgz"
  "version" "1.4.0"
  dependencies:
    "js-tokens" "^3.0.0 || ^4.0.0"

"object-assign@^4.1.1":
  "integrity" "sha1-IQmtx5ZYh8/AXLvUQsrIv7s2CGM="
  "resolved" "https://registry.npmjs.org/object-assign/-/object-assign-4.1.1.tgz"
  "version" "4.1.1"

"react-is@^16.7.0":
  "integrity" "sha512-24e6ynE2H+OKt4kqsOvNd8kBpV65zoxbA4BVsEOB3ARVWQki/DHzaUoC5KuON/BiccDaCCTZBuOcfZs70kR8bQ=="
  "resolved" "https://registry.npmjs.org/react-is/-/react-is-16.13.1.tgz"
  "version" "16.13.1"

"react@15.x || 16.x || 17.x":
  "integrity" "sha512-gnhPt75i/dq/z3/6q/0asP78D0u592D5L1pd7M8P+dck6Fu/jJeL6iVVK23fptSUZj8Vjf++7wXA8UNclGQcbA=="
  "resolved" "https://registry.npmjs.org/react/-/react-17.0.2.tgz"
  "version" "17.0.2"
  dependencies:
    "loose-envify" "^1.1.0"
    "object-assign" "^4.1.1"

"tslib@^1.9.3":
  "integrity" "sha512-Xni35NKzjgMrwevysHTCArtLDpPvye8zV/0E4EyYn43P7/7qvQwPh9BGkHewbMulVntbigmcT7rdX3BNo9wRJg=="
  "resolved" "https://registry.npmjs.org/tslib/-/tslib-1.14.1.tgz"
  "version" "1.14.1"
