{
  "version": "v1",
  "packages": {
    "@metacell/geppetto-meta-client": {
      "signature": "d9e9a18f50d5e60347a1aaee8d4ef089",
      "file": true,
      "replaced": "1.2.0"
    },
    "@metacell/geppetto-meta-core": {
      "signature": "6cc015ba55c761b286c2bdb02384b03f",
      "file": true,
      "replaced": "1.2.0"
    },
    "@metacell/geppetto-meta-ui": {
      "signature": "add9a4c237a1484c32ee11fa2c461b28",
      "file": true,
      "replaced": "1.2.0"
    }
  }
}